
Microsoft Visual Studio Solution File, Format Version 12.00
# Visual Studio 15
VisualStudioVersion = 15.0.28010.2048
MinimumVisualStudioVersion = 10.0.40219.1
Project("{9A19103F-16F7-4668-BE54-9A1E7A4F7556}") = "Rebus.RabbitMq.TransientFaultHelper", "Rebus.RabbitMq.TransientFaultHelper\Rebus.RabbitMq.TransientFaultHelper.csproj", "{0353AEDA-4C66-4BDE-97F0-A2DB446036A4}"
EndProject
Project("{9A19103F-16F7-4668-BE54-9A1E7A4F7556}") = "Rebus.RabbitMq.TransientFaultHelper.Test", "Rebus.RabbitMq.TransientFaultHelper.Test\Rebus.RabbitMq.TransientFaultHelper.Test.csproj", "{2C2499B4-C117-4770-B228-0D62D79B9928}"
EndProject
Global
	GlobalSection(SolutionConfigurationPlatforms) = preSolution
		Debug|Any CPU = Debug|Any CPU
		Release|Any CPU = Release|Any CPU
	EndGlobalSection
	GlobalSection(ProjectConfigurationPlatforms) = postSolution
		{0353AEDA-4C66-4BDE-97F0-A2DB446036A4}.Debug|Any CPU.ActiveCfg = Debug|Any CPU
		{0353AEDA-4C66-4BDE-97F0-A2DB446036A4}.Debug|Any CPU.Build.0 = Debug|Any CPU
		{0353AEDA-4C66-4BDE-97F0-A2DB446036A4}.Release|Any CPU.ActiveCfg = Release|Any CPU
		{0353AEDA-4C66-4BDE-97F0-A2DB446036A4}.Release|Any CPU.Build.0 = Release|Any CPU
		{2C2499B4-C117-4770-B228-0D62D79B9928}.Debug|Any CPU.ActiveCfg = Debug|Any CPU
		{2C2499B4-C117-4770-B228-0D62D79B9928}.Debug|Any CPU.Build.0 = Debug|Any CPU
		{2C2499B4-C117-4770-B228-0D62D79B9928}.Release|Any CPU.ActiveCfg = Release|Any CPU
		{2C2499B4-C117-4770-B228-0D62D79B9928}.Release|Any CPU.Build.0 = Release|Any CPU
	EndGlobalSection
	GlobalSection(SolutionProperties) = preSolution
		HideSolutionNode = FALSE
	EndGlobalSection
	GlobalSection(ExtensibilityGlobals) = postSolution
		SolutionGuid = {92CC6824-6B14-4825-94F1-99F603CF5D0A}
	EndGlobalSection
EndGlobal
